
Microsoft Visual Studio Solution File, Format Version 12.00
# Visual Studio Version 17
VisualStudioVersion = 17.5.002.0
MinimumVisualStudioVersion = 10.0.40219.1
Project("{9A19103F-16F7-4668-BE54-9A1E7A4F7556}") = "day_07", "day_07.csproj", "{069E9F99-22AB-4F1F-87FB-34ECF2361C20}"
EndProject
Global
	GlobalSection(SolutionConfigurationPlatforms) = preSolution
		Debug|Any CPU = Debug|Any CPU
		Release|Any CPU = Release|Any CPU
	EndGlobalSection
	GlobalSection(ProjectConfigurationPlatforms) = postSolution
		{069E9F99-22AB-4F1F-87FB-34ECF2361C20}.Debug|Any CPU.ActiveCfg = Debug|Any CPU
		{069E9F99-22AB-4F1F-87FB-34ECF2361C20}.Debug|Any CPU.Build.0 = Debug|Any CPU
		{069E9F99-22AB-4F1F-87FB-34ECF2361C20}.Release|Any CPU.ActiveCfg = Release|Any CPU
		{069E9F99-22AB-4F1F-87FB-34ECF2361C20}.Release|Any CPU.Build.0 = Release|Any CPU
	EndGlobalSection
	GlobalSection(SolutionProperties) = preSolution
		HideSolutionNode = FALSE
	EndGlobalSection
	GlobalSection(ExtensibilityGlobals) = postSolution
		SolutionGuid = {6DD41EEB-CCC6-4934-91A3-010D69F70B55}
	EndGlobalSection
EndGlobal
