
Microsoft Visual Studio Solution File, Format Version 12.00
# Visual Studio Version 17
VisualStudioVersion = 17.5.002.0
MinimumVisualStudioVersion = 10.0.40219.1
Project("{9A19103F-16F7-4668-BE54-9A1E7A4F7556}") = "day_11", "day_11.csproj", "{4F0DC630-FD0F-4CA8-AB08-D8ED3C08DFA5}"
EndProject
Global
	GlobalSection(SolutionConfigurationPlatforms) = preSolution
		Debug|Any CPU = Debug|Any CPU
		Release|Any CPU = Release|Any CPU
	EndGlobalSection
	GlobalSection(ProjectConfigurationPlatforms) = postSolution
		{4F0DC630-FD0F-4CA8-AB08-D8ED3C08DFA5}.Debug|Any CPU.ActiveCfg = Debug|Any CPU
		{4F0DC630-FD0F-4CA8-AB08-D8ED3C08DFA5}.Debug|Any CPU.Build.0 = Debug|Any CPU
		{4F0DC630-FD0F-4CA8-AB08-D8ED3C08DFA5}.Release|Any CPU.ActiveCfg = Release|Any CPU
		{4F0DC630-FD0F-4CA8-AB08-D8ED3C08DFA5}.Release|Any CPU.Build.0 = Release|Any CPU
	EndGlobalSection
	GlobalSection(SolutionProperties) = preSolution
		HideSolutionNode = FALSE
	EndGlobalSection
	GlobalSection(ExtensibilityGlobals) = postSolution
		SolutionGuid = {C8ACE2C9-3BAB-4215-9C24-7ADC18165100}
	EndGlobalSection
EndGlobal
